
Microsoft Visual Studio Solution File, Format Version 12.00
# Visual Studio 15
VisualStudioVersion = 15.0.26730.16
MinimumVisualStudioVersion = 10.0.40219.1
Project("{FAE04EC0-301F-11D3-BF4B-00C04F79EFBC}") = "01-first-console-application", "01-first-console-application\01-first-console-application.csproj", "{6174F816-E0F0-48FD-B3EC-3DB34434DCE0}"
EndProject
Project("{FAE04EC0-301F-11D3-BF4B-00C04F79EFBC}") = "02-printing-out-text", "02-printing-out-text\02-printing-out-text.csproj", "{2462DA50-9D90-45C0-A5E4-87ABEBB524E8}"
EndProject
Project("{FAE04EC0-301F-11D3-BF4B-00C04F79EFBC}") = "03-first-user-input", "03-first-user-input\03-first-user-input.csproj", "{C652D041-BAB4-4135-AD33-30F569B9FB24}"
EndProject
Project("{FAE04EC0-301F-11D3-BF4B-00C04F79EFBC}") = "04-parse-input-to-int", "04-parse-input-to-int\04-parse-input-to-int.csproj", "{70F63B21-4C3F-4B21-B9C8-D728EA2E93A0}"
EndProject
Project("{FAE04EC0-301F-11D3-BF4B-00C04F79EFBC}") = "05-parse-input-multiply-divide", "05-parse-input-multiply-divide\05-parse-input-multiply-divide.csproj", "{699B5D86-D661-4294-BA0F-B780E70F1204}"
EndProject
Global
	GlobalSection(SolutionConfigurationPlatforms) = preSolution
		Debug|Any CPU = Debug|Any CPU
		Release|Any CPU = Release|Any CPU
	EndGlobalSection
	GlobalSection(ProjectConfigurationPlatforms) = postSolution
		{6174F816-E0F0-48FD-B3EC-3DB34434DCE0}.Debug|Any CPU.ActiveCfg = Debug|Any CPU
		{6174F816-E0F0-48FD-B3EC-3DB34434DCE0}.Debug|Any CPU.Build.0 = Debug|Any CPU
		{6174F816-E0F0-48FD-B3EC-3DB34434DCE0}.Release|Any CPU.ActiveCfg = Release|Any CPU
		{6174F816-E0F0-48FD-B3EC-3DB34434DCE0}.Release|Any CPU.Build.0 = Release|Any CPU
		{2462DA50-9D90-45C0-A5E4-87ABEBB524E8}.Debug|Any CPU.ActiveCfg = Debug|Any CPU
		{2462DA50-9D90-45C0-A5E4-87ABEBB524E8}.Debug|Any CPU.Build.0 = Debug|Any CPU
		{2462DA50-9D90-45C0-A5E4-87ABEBB524E8}.Release|Any CPU.ActiveCfg = Release|Any CPU
		{2462DA50-9D90-45C0-A5E4-87ABEBB524E8}.Release|Any CPU.Build.0 = Release|Any CPU
		{C652D041-BAB4-4135-AD33-30F569B9FB24}.Debug|Any CPU.ActiveCfg = Debug|Any CPU
		{C652D041-BAB4-4135-AD33-30F569B9FB24}.Debug|Any CPU.Build.0 = Debug|Any CPU
		{C652D041-BAB4-4135-AD33-30F569B9FB24}.Release|Any CPU.ActiveCfg = Release|Any CPU
		{C652D041-BAB4-4135-AD33-30F569B9FB24}.Release|Any CPU.Build.0 = Release|Any CPU
		{70F63B21-4C3F-4B21-B9C8-D728EA2E93A0}.Debug|Any CPU.ActiveCfg = Debug|Any CPU
		{70F63B21-4C3F-4B21-B9C8-D728EA2E93A0}.Debug|Any CPU.Build.0 = Debug|Any CPU
		{70F63B21-4C3F-4B21-B9C8-D728EA2E93A0}.Release|Any CPU.ActiveCfg = Release|Any CPU
		{70F63B21-4C3F-4B21-B9C8-D728EA2E93A0}.Release|Any CPU.Build.0 = Release|Any CPU
		{699B5D86-D661-4294-BA0F-B780E70F1204}.Debug|Any CPU.ActiveCfg = Debug|Any CPU
		{699B5D86-D661-4294-BA0F-B780E70F1204}.Debug|Any CPU.Build.0 = Debug|Any CPU
		{699B5D86-D661-4294-BA0F-B780E70F1204}.Release|Any CPU.ActiveCfg = Release|Any CPU
		{699B5D86-D661-4294-BA0F-B780E70F1204}.Release|Any CPU.Build.0 = Release|Any CPU
	EndGlobalSection
	GlobalSection(SolutionProperties) = preSolution
		HideSolutionNode = FALSE
	EndGlobalSection
	GlobalSection(ExtensibilityGlobals) = postSolution
		SolutionGuid = {01C380D6-DB05-49FE-945C-8094C6F1B5B7}
	EndGlobalSection
EndGlobal
