
Microsoft Visual Studio Solution File, Format Version 12.00
# Visual Studio 15
VisualStudioVersion = 15.0.26430.16
MinimumVisualStudioVersion = 10.0.40219.1
Project("{FAE04EC0-301F-11D3-BF4B-00C04F79EFBC}") = "03 exercise", "03 exercise\03 exercise.csproj", "{1DE81312-84F4-4E82-B0AB-5130CB288BFE}"
EndProject
Global
	GlobalSection(SolutionConfigurationPlatforms) = preSolution
		Debug|Any CPU = Debug|Any CPU
		Release|Any CPU = Release|Any CPU
	EndGlobalSection
	GlobalSection(ProjectConfigurationPlatforms) = postSolution
		{1DE81312-84F4-4E82-B0AB-5130CB288BFE}.Debug|Any CPU.ActiveCfg = Debug|Any CPU
		{1DE81312-84F4-4E82-B0AB-5130CB288BFE}.Debug|Any CPU.Build.0 = Debug|Any CPU
		{1DE81312-84F4-4E82-B0AB-5130CB288BFE}.Release|Any CPU.ActiveCfg = Release|Any CPU
		{1DE81312-84F4-4E82-B0AB-5130CB288BFE}.Release|Any CPU.Build.0 = Release|Any CPU
	EndGlobalSection
	GlobalSection(SolutionProperties) = preSolution
		HideSolutionNode = FALSE
	EndGlobalSection
EndGlobal
